// !$*UTF8*$!
{
	archiveVersion = 1;
	classes = {
	};
	objectVersion = 50;
	objects = {

/* Begin PBXBuildFile section */
		C63CECD9243817950091B918 /* AppDelegate.swift in Sources */ = {isa = PBXBuildFile; fileRef = C63CECD8243817950091B918 /* AppDelegate.swift */; };
		C63CECDB243817950091B918 /* ViewController.swift in Sources */ = {isa = PBXBuildFile; fileRef = C63CECDA243817950091B918 /* ViewController.swift */; };
		C63CECDE243817950091B918 /* Main.storyboard in Resources */ = {isa = PBXBuildFile; fileRef = C63CECDC243817950091B918 /* Main.storyboard */; };
		C63CECE3243817960091B918 /* LaunchScreen.storyboard in Resources */ = {isa = PBXBuildFile; fileRef = C63CECE1243817960091B918 /* LaunchScreen.storyboard */; };
		C63CED09243828EA0091B918 /* Media.xcassets in Resources */ = {isa = PBXBuildFile; fileRef = C63CED08243828EA0091B918 /* Media.xcassets */; };
/* End PBXBuildFile section */

/* Begin PBXContainerItemProxy section */
		C63CECEA243817960091B918 /* PBXContainerItemProxy */ = {
			isa = PBXContainerItemProxy;
			containerPortal = C63CECCD243817940091B918 /* Project object */;
			proxyType = 1;
			remoteGlobalIDString = C63CECD4243817950091B918;
			remoteInfo = a2;
		};
		C63CECF5243817960091B918 /* PBXContainerItemProxy */ = {
			isa = PBXContainerItemProxy;
			containerPortal = C63CECCD243817940091B918 /* Project object */;
			proxyType = 1;
			remoteGlobalIDString = C63CECD4243817950091B918;
			remoteInfo = a2;
		};
/* End PBXContainerItemProxy section */

/* Begin PBXFileReference section */
		C63CECD5243817950091B918 /* a2.app */ = {isa = PBXFileReference; explicitFileType = wrapper.application; includeInIndex = 0; path = a2.app; sourceTree = BUILT_PRODUCTS_DIR; };
		C63CECD8243817950091B918 /* AppDelegate.swift */ = {isa = PBXFileReference; lastKnownFileType = sourcecode.swift; path = AppDelegate.swift; sourceTree = "<group>"; };
		C63CECDA243817950091B918 /* ViewController.swift */ = {isa = PBXFileReference; lastKnownFileType = sourcecode.swift; path = ViewController.swift; sourceTree = "<group>"; };
		C63CECDD243817950091B918 /* Base */ = {isa = PBXFileReference; lastKnownFileType = file.storyboard; name = Base; path = Base.lproj/Main.storyboard; sourceTree = "<group>"; };
		C63CECE2243817960091B918 /* Base */ = {isa = PBXFileReference; lastKnownFileType = file.storyboard; name = Base; path = Base.lproj/LaunchScreen.storyboard; sourceTree = "<group>"; };
		C63CECE4243817960091B918 /* Info.plist */ = {isa = PBXFileReference; lastKnownFileType = text.plist.xml; path = Info.plist; sourceTree = "<group>"; };
		C63CECE9243817960091B918 /* a2Tests.xctest */ = {isa = PBXFileReference; explicitFileType = wrapper.cfbundle; includeInIndex = 0; path = a2Tests.xctest; sourceTree = BUILT_PRODUCTS_DIR; };
		C63CECF4243817960091B918 /* a2UITests.xctest */ = {isa = PBXFileReference; explicitFileType = wrapper.cfbundle; includeInIndex = 0; path = a2UITests.xctest; sourceTree = BUILT_PRODUCTS_DIR; };
		C63CED08243828EA0091B918 /* Media.xcassets */ = {isa = PBXFileReference; lastKnownFileType = folder.assetcatalog; path = Media.xcassets; sourceTree = "<group>"; };
/* End PBXFileReference section */

/* Begin PBXFrameworksBuildPhase section */
		C63CECD2243817950091B918 /* Frameworks */ = {
			isa = PBXFrameworksBuildPhase;
			buildActionMask = 2147483647;
			files = (
			);
			runOnlyForDeploymentPostprocessing = 0;
		};
		C63CECE6243817960091B918 /* Frameworks */ = {
			isa = PBXFrameworksBuildPhase;
			buildActionMask = 2147483647;
			files = (
			);
			runOnlyForDeploymentPostprocessing = 0;
		};
		C63CECF1243817960091B918 /* Frameworks */ = {
			isa = PBXFrameworksBuildPhase;
			buildActionMask = 2147483647;
			files = (
			);
			runOnlyForDeploymentPostprocessing = 0;
		};
/* End PBXFrameworksBuildPhase section */

/* Begin PBXGroup section */
		C63CECCC243817940091B918 = {
			isa = PBXGroup;
			children = (
				C63CECD7243817950091B918 /* a2 */,
				C63CECD6243817950091B918 /* Products */,
			);
			sourceTree = "<group>";
		};
		C63CECD6243817950091B918 /* Products */ = {
			isa = PBXGroup;
			children = (
				C63CECD5243817950091B918 /* a2.app */,
				C63CECE9243817960091B918 /* a2Tests.xctest */,
				C63CECF4243817960091B918 /* a2UITests.xctest */,
			);
			name = Products;
			sourceTree = "<group>";
		};
		C63CECD7243817950091B918 /* a2 */ = {
			isa = PBXGroup;
			children = (
				C63CED08243828EA0091B918 /* Media.xcassets */,
				C63CECD8243817950091B918 /* AppDelegate.swift */,
				C63CECDA243817950091B918 /* ViewController.swift */,
				C63CECDC243817950091B918 /* Main.storyboard */,
				C63CECE1243817960091B918 /* LaunchScreen.storyboard */,
				C63CECE4243817960091B918 /* Info.plist */,
			);
			path = a2;
			sourceTree = "<group>";
		};
/* End PBXGroup section */

/* Begin PBXNativeTarget section */
		C63CECD4243817950091B918 /* a2 */ = {
			isa = PBXNativeTarget;
			buildConfigurationList = C63CECFD243817960091B918 /* Build configuration list for PBXNativeTarget "a2" */;
			buildPhases = (
				C63CECD1243817950091B918 /* Sources */,
				C63CECD2243817950091B918 /* Frameworks */,
				C63CECD3243817950091B918 /* Resources */,
			);
			buildRules = (
			);
			dependencies = (
			);
			name = a2;
			productName = a2;
			productReference = C63CECD5243817950091B918 /* a2.app */;
			productType = "com.apple.product-type.application";
		};
		C63CECE8243817960091B918 /* a2Tests */ = {
			isa = PBXNativeTarget;
			buildConfigurationList = C63CED00243817960091B918 /* Build configuration list for PBXNativeTarget "a2Tests" */;
			buildPhases = (
				C63CECE5243817960091B918 /* Sources */,
				C63CECE6243817960091B918 /* Frameworks */,
				C63CECE7243817960091B918 /* Resources */,
			);
			buildRules = (
			);
			dependencies = (
				C63CECEB243817960091B918 /* PBXTargetDependency */,
			);
			name = a2Tests;
			productName = a2Tests;
			productReference = C63CECE9243817960091B918 /* a2Tests.xctest */;
			productType = "com.apple.product-type.bundle.unit-test";
		};
		C63CECF3243817960091B918 /* a2UITests */ = {
			isa = PBXNativeTarget;
			buildConfigurationList = C63CED03243817960091B918 /* Build configuration list for PBXNativeTarget "a2UITests" */;
			buildPhases = (
				C63CECF0243817960091B918 /* Sources */,
				C63CECF1243817960091B918 /* Frameworks */,
				C63CECF2243817960091B918 /* Resources */,
			);
			buildRules = (
			);
			dependencies = (
				C63CECF6243817960091B918 /* PBXTargetDependency */,
			);
			name = a2UITests;
			productName = a2UITests;
			productReference = C63CECF4243817960091B918 /* a2UITests.xctest */;
			productType = "com.apple.product-type.bundle.ui-testing";
		};
/* End PBXNativeTarget section */

/* Begin PBXProject section */
		C63CECCD243817940091B918 /* Project object */ = {
			isa = PBXProject;
			attributes = {
				LastSwiftUpdateCheck = 1030;
				LastUpgradeCheck = 1030;
				ORGANIZATIONNAME = "Andy Olivares";
				TargetAttributes = {
					C63CECD4243817950091B918 = {
						CreatedOnToolsVersion = 10.3;
					};
					C63CECE8243817960091B918 = {
						CreatedOnToolsVersion = 10.3;
						TestTargetID = C63CECD4243817950091B918;
					};
					C63CECF3243817960091B918 = {
						CreatedOnToolsVersion = 10.3;
						TestTargetID = C63CECD4243817950091B918;
					};
				};
			};
			buildConfigurationList = C63CECD0243817940091B918 /* Build configuration list for PBXProject "a2" */;
			compatibilityVersion = "Xcode 9.3";
			developmentRegion = en;
			hasScannedForEncodings = 0;
			knownRegions = (
				en,
				Base,
			);
			mainGroup = C63CECCC243817940091B918;
			productRefGroup = C63CECD6243817950091B918 /* Products */;
			projectDirPath = "";
			projectRoot = "";
			targets = (
				C63CECD4243817950091B918 /* a2 */,
				C63CECE8243817960091B918 /* a2Tests */,
				C63CECF3243817960091B918 /* a2UITests */,
			);
		};
/* End PBXProject section */

/* Begin PBXResourcesBuildPhase section */
		C63CECD3243817950091B918 /* Resources */ = {
			isa = PBXResourcesBuildPhase;
			buildActionMask = 2147483647;
			files = (
				C63CECE3243817960091B918 /* LaunchScreen.storyboard in Resources */,
				C63CED09243828EA0091B918 /* Media.xcassets in Resources */,
				C63CECDE243817950091B918 /* Main.storyboard in Resources */,
			);
			runOnlyForDeploymentPostprocessing = 0;
		};
		C63CECE7243817960091B918 /* Resources */ = {
			isa = PBXResourcesBuildPhase;
			buildActionMask = 2147483647;
			files = (
			);
			runOnlyForDeploymentPostprocessing = 0;
		};
		C63CECF2243817960091B918 /* Resources */ = {
			isa = PBXResourcesBuildPhase;
			buildActionMask = 2147483647;
			files = (
			);
			runOnlyForDeploymentPostprocessing = 0;
		};
/* End PBXResourcesBuildPhase section */

/* Begin PBXSourcesBuildPhase section */
		C63CECD1243817950091B918 /* Sources */ = {
			isa = PBXSourcesBuildPhase;
			buildActionMask = 2147483647;
			files = (
				C63CECDB243817950091B918 /* ViewController.swift in Sources */,
				C63CECD9243817950091B918 /* AppDelegate.swift in Sources */,
			);
			runOnlyForDeploymentPostprocessing = 0;
		};
		C63CECE5243817960091B918 /* Sources */ = {
			isa = PBXSourcesBuildPhase;
			buildActionMask = 2147483647;
			files = (
			);
			runOnlyForDeploymentPostprocessing = 0;
		};
		C63CECF0243817960091B918 /* Sources */ = {
			isa = PBXSourcesBuildPhase;
			buildActionMask = 2147483647;
			files = (
			);
			runOnlyForDeploymentPostprocessing = 0;
		};
/* End PBXSourcesBuildPhase section */

/* Begin PBXTargetDependency section */
		C63CECEB243817960091B918 /* PBXTargetDependency */ = {
			isa = PBXTargetDependency;
			target = C63CECD4243817950091B918 /* a2 */;
			targetProxy = C63CECEA243817960091B918 /* PBXContainerItemProxy */;
		};
		C63CECF6243817960091B918 /* PBXTargetDependency */ = {
			isa = PBXTargetDependency;
			target = C63CECD4243817950091B918 /* a2 */;
			targetProxy = C63CECF5243817960091B918 /* PBXContainerItemProxy */;
		};
/* End PBXTargetDependency section */

/* Begin PBXVariantGroup section */
		C63CECDC243817950091B918 /* Main.storyboard */ = {
			isa = PBXVariantGroup;
			children = (
				C63CECDD243817950091B918 /* Base */,
			);
			name = Main.storyboard;
			sourceTree = "<group>";
		};
		C63CECE1243817960091B918 /* LaunchScreen.storyboard */ = {
			isa = PBXVariantGroup;
			children = (
				C63CECE2243817960091B918 /* Base */,
			);
			name = LaunchScreen.storyboard;
			sourceTree = "<group>";
		};
/* End PBXVariantGroup section */

/* Begin XCBuildConfiguration section */
		C63CECFB243817960091B918 /* Debug */ = {
			isa = XCBuildConfiguration;
			buildSettings = {
				ALWAYS_SEARCH_USER_PATHS = NO;
				CLANG_ANALYZER_NONNULL = YES;
				CLANG_ANALYZER_NUMBER_OBJECT_CONVERSION = YES_AGGRESSIVE;
				CLANG_CXX_LANGUAGE_STANDARD = "gnu++14";
				CLANG_CXX_LIBRARY = "libc++";
				CLANG_ENABLE_MODULES = YES;
				CLANG_ENABLE_OBJC_ARC = YES;
				CLANG_ENABLE_OBJC_WEAK = YES;
				CLANG_WARN_BLOCK_CAPTURE_AUTORELEASING = YES;
				CLANG_WARN_BOOL_CONVERSION = YES;
				CLANG_WARN_COMMA = YES;
				CLANG_WARN_CONSTANT_CONVERSION = YES;
				CLANG_WARN_DEPRECATED_OBJC_IMPLEMENTATIONS = YES;
				CLANG_WARN_DIRECT_OBJC_ISA_USAGE = YES_ERROR;
				CLANG_WARN_DOCUMENTATION_COMMENTS = YES;
				CLANG_WARN_EMPTY_BODY = YES;
				CLANG_WARN_ENUM_CONVERSION = YES;
				CLANG_WARN_INFINITE_RECURSION = YES;
				CLANG_WARN_INT_CONVERSION = YES;
				CLANG_WARN_NON_LITERAL_NULL_CONVERSION = YES;
				CLANG_WARN_OBJC_IMPLICIT_RETAIN_SELF = YES;
				CLANG_WARN_OBJC_LITERAL_CONVERSION = YES;
				CLANG_WARN_OBJC_ROOT_CLASS = YES_ERROR;
				CLANG_WARN_RANGE_LOOP_ANALYSIS = YES;
				CLANG_WARN_STRICT_PROTOTYPES = YES;
				CLANG_WARN_SUSPICIOUS_MOVE = YES;
				CLANG_WARN_UNGUARDED_AVAILABILITY = YES_AGGRESSIVE;
				CLANG_WARN_UNREACHABLE_CODE = YES;
				CLANG_WARN__DUPLICATE_METHOD_MATCH = YES;
				CODE_SIGN_IDENTITY = "iPhone Developer";
				COPY_PHASE_STRIP = NO;
				DEBUG_INFORMATION_FORMAT = dwarf;
				ENABLE_STRICT_OBJC_MSGSEND = YES;
				ENABLE_TESTABILITY = YES;
				GCC_C_LANGUAGE_STANDARD = gnu11;
				GCC_DYNAMIC_NO_PIC = NO;
				GCC_NO_COMMON_BLOCKS = YES;
				GCC_OPTIMIZATION_LEVEL = 0;
				GCC_PREPROCESSOR_DEFINITIONS = (
					"DEBUG=1",
					"$(inherited)",
				);
				GCC_WARN_64_TO_32_BIT_CONVERSION = YES;
				GCC_WARN_ABOUT_RETURN_TYPE = YES_ERROR;
				GCC_WARN_UNDECLARED_SELECTOR = YES;
				GCC_WARN_UNINITIALIZED_AUTOS = YES_AGGRESSIVE;
				GCC_WARN_UNUSED_FUNCTION = YES;
				GCC_WARN_UNUSED_VARIABLE = YES;
				IPHONEOS_DEPLOYMENT_TARGET = 12.4;
				MTL_ENABLE_DEBUG_INFO = INCLUDE_SOURCE;
				MTL_FAST_MATH = YES;
				ONLY_ACTIVE_ARCH = YES;
				SDKROOT = iphoneos;
				SWIFT_ACTIVE_COMPILATION_CONDITIONS = DEBUG;
				SWIFT_OPTIMIZATION_LEVEL = "-Onone";
			};
			name = Debug;
		};
		C63CECFC243817960091B918 /* Release */ = {
			isa = XCBuildConfiguration;
			buildSettings = {
				ALWAYS_SEARCH_USER_PATHS = NO;
				CLANG_ANALYZER_NONNULL = YES;
				CLANG_ANALYZER_NUMBER_OBJECT_CONVERSION = YES_AGGRESSIVE;
				CLANG_CXX_LANGUAGE_STANDARD = "gnu++14";
				CLANG_CXX_LIBRARY = "libc++";
				CLANG_ENABLE_MODULES = YES;
				CLANG_ENABLE_OBJC_ARC = YES;
				CLANG_ENABLE_OBJC_WEAK = YES;
				CLANG_WARN_BLOCK_CAPTURE_AUTORELEASING = YES;
				CLANG_WARN_BOOL_CONVERSION = YES;
				CLANG_WARN_COMMA = YES;
				CLANG_WARN_CONSTANT_CONVERSION = YES;
				CLANG_WARN_DEPRECATED_OBJC_IMPLEMENTATIONS = YES;
				CLANG_WARN_DIRECT_OBJC_ISA_USAGE = YES_ERROR;
				CLANG_WARN_DOCUMENTATION_COMMENTS = YES;
				CLANG_WARN_EMPTY_BODY = YES;
				CLANG_WARN_ENUM_CONVERSION = YES;
				CLANG_WARN_INFINITE_RECURSION = YES;
				CLANG_WARN_INT_CONVERSION = YES;
				CLANG_WARN_NON_LITERAL_NULL_CONVERSION = YES;
				CLANG_WARN_OBJC_IMPLICIT_RETAIN_SELF = YES;
				CLANG_WARN_OBJC_LITERAL_CONVERSION = YES;
				CLANG_WARN_OBJC_ROOT_CLASS = YES_ERROR;
				CLANG_WARN_RANGE_LOOP_ANALYSIS = YES;
				CLANG_WARN_STRICT_PROTOTYPES = YES;
				CLANG_WARN_SUSPICIOUS_MOVE = YES;
				CLANG_WARN_UNGUARDED_AVAILABILITY = YES_AGGRESSIVE;
				CLANG_WARN_UNREACHABLE_CODE = YES;
				CLANG_WARN__DUPLICATE_METHOD_MATCH = YES;
				CODE_SIGN_IDENTITY = "iPhone Developer";
				COPY_PHASE_STRIP = NO;
				DEBUG_INFORMATION_FORMAT = "dwarf-with-dsym";
				ENABLE_NS_ASSERTIONS = NO;
				ENABLE_STRICT_OBJC_MSGSEND = YES;
				GCC_C_LANGUAGE_STANDARD = gnu11;
				GCC_NO_COMMON_BLOCKS = YES;
				GCC_WARN_64_TO_32_BIT_CONVERSION = YES;
				GCC_WARN_ABOUT_RETURN_TYPE = YES_ERROR;
				GCC_WARN_UNDECLARED_SELECTOR = YES;
				GCC_WARN_UNINITIALIZED_AUTOS = YES_AGGRESSIVE;
				GCC_WARN_UNUSED_FUNCTION = YES;
				GCC_WARN_UNUSED_VARIABLE = YES;
				IPHONEOS_DEPLOYMENT_TARGET = 12.4;
				MTL_ENABLE_DEBUG_INFO = NO;
				MTL_FAST_MATH = YES;
				SDKROOT = iphoneos;
				SWIFT_COMPILATION_MODE = wholemodule;
				SWIFT_OPTIMIZATION_LEVEL = "-O";
				VALIDATE_PRODUCT = YES;
			};
			name = Release;
		};
		C63CECFE243817960091B918 /* Debug */ = {
			isa = XCBuildConfiguration;
			buildSettings = {
				ASSETCATALOG_COMPILER_APPICON_NAME = AppIcon;
				CODE_SIGN_STYLE = Automatic;
				DEVELOPMENT_TEAM = RTBDBP4A7W;
				INFOPLIST_FILE = a2/Info.plist;
				LD_RUNPATH_SEARCH_PATHS = (
					"$(inherited)",
					"@executable_path/Frameworks",
				);
				PRODUCT_BUNDLE_IDENTIFIER = niu.a2;
				PRODUCT_NAME = "$(TARGET_NAME)";
				SWIFT_VERSION = 5.0;
				TARGETED_DEVICE_FAMILY = "1,2";
			};
			name = Debug;
		};
		C63CECFF243817960091B918 /* Release */ = {
			isa = XCBuildConfiguration;
			buildSettings = {
				ASSETCATALOG_COMPILER_APPICON_NAME = AppIcon;
				CODE_SIGN_STYLE = Automatic;
				DEVELOPMENT_TEAM = RTBDBP4A7W;
				INFOPLIST_FILE = a2/Info.plist;
				LD_RUNPATH_SEARCH_PATHS = (
					"$(inherited)",
					"@executable_path/Frameworks",
				);
				PRODUCT_BUNDLE_IDENTIFIER = niu.a2;
				PRODUCT_NAME = "$(TARGET_NAME)";
				SWIFT_VERSION = 5.0;
				TARGETED_DEVICE_FAMILY = "1,2";
			};
			name = Release;
		};
		C63CED01243817960091B918 /* Debug */ = {
			isa = XCBuildConfiguration;
			buildSettings = {
				ALWAYS_EMBED_SWIFT_STANDARD_LIBRARIES = YES;
				BUNDLE_LOADER = "$(TEST_HOST)";
				CODE_SIGN_STYLE = Automatic;
				DEVELOPMENT_TEAM = RTBDBP4A7W;
				INFOPLIST_FILE = a2Tests/Info.plist;
				LD_RUNPATH_SEARCH_PATHS = (
					"$(inherited)",
					"@executable_path/Frameworks",
					"@loader_path/Frameworks",
				);
				PRODUCT_BUNDLE_IDENTIFIER = niu.a2Tests;
				PRODUCT_NAME = "$(TARGET_NAME)";
				SWIFT_VERSION = 5.0;
				TARGETED_DEVICE_FAMILY = "1,2";
				TEST_HOST = "$(BUILT_PRODUCTS_DIR)/a2.app/a2";
			};
			name = Debug;
		};
		C63CED02243817960091B918 /* Release */ = {
			isa = XCBuildConfiguration;
			buildSettings = {
				ALWAYS_EMBED_SWIFT_STANDARD_LIBRARIES = YES;
				BUNDLE_LOADER = "$(TEST_HOST)";
				CODE_SIGN_STYLE = Automatic;
				DEVELOPMENT_TEAM = RTBDBP4A7W;
				INFOPLIST_FILE = a2Tests/Info.plist;
				LD_RUNPATH_SEARCH_PATHS = (
					"$(inherited)",
					"@executable_path/Frameworks",
					"@loader_path/Frameworks",
				);
				PRODUCT_BUNDLE_IDENTIFIER = niu.a2Tests;
				PRODUCT_NAME = "$(TARGET_NAME)";
				SWIFT_VERSION = 5.0;
				TARGETED_DEVICE_FAMILY = "1,2";
				TEST_HOST = "$(BUILT_PRODUCTS_DIR)/a2.app/a2";
			};
			name = Release;
		};
		C63CED04243817960091B918 /* Debug */ = {
			isa = XCBuildConfiguration;
			buildSettings = {
				ALWAYS_EMBED_SWIFT_STANDARD_LIBRARIES = YES;
				CODE_SIGN_STYLE = Automatic;
				DEVELOPMENT_TEAM = RTBDBP4A7W;
				INFOPLIST_FILE = a2UITests/Info.plist;
				LD_RUNPATH_SEARCH_PATHS = (
					"$(inherited)",
					"@executable_path/Frameworks",
					"@loader_path/Frameworks",
				);
				PRODUCT_BUNDLE_IDENTIFIER = niu.a2UITests;
				PRODUCT_NAME = "$(TARGET_NAME)";
				SWIFT_VERSION = 5.0;
				TARGETED_DEVICE_FAMILY = "1,2";
				TEST_TARGET_NAME = a2;
			};
			name = Debug;
		};
		C63CED05243817960091B918 /* Release */ = {
			isa = XCBuildConfiguration;
			buildSettings = {
				ALWAYS_EMBED_SWIFT_STANDARD_LIBRARIES = YES;
				CODE_SIGN_STYLE = Automatic;
				DEVELOPMENT_TEAM = RTBDBP4A7W;
				INFOPLIST_FILE = a2UITests/Info.plist;
				LD_RUNPATH_SEARCH_PATHS = (
					"$(inherited)",
					"@executable_path/Frameworks",
					"@loader_path/Frameworks",
				);
				PRODUCT_BUNDLE_IDENTIFIER = niu.a2UITests;
				PRODUCT_NAME = "$(TARGET_NAME)";
				SWIFT_VERSION = 5.0;
				TARGETED_DEVICE_FAMILY = "1,2";
				TEST_TARGET_NAME = a2;
			};
			name = Release;
		};
/* End XCBuildConfiguration section */

/* Begin XCConfigurationList section */
		C63CECD0243817940091B918 /* Build configuration list for PBXProject "a2" */ = {
			isa = XCConfigurationList;
			buildConfigurations = (
				C63CECFB243817960091B918 /* Debug */,
				C63CECFC243817960091B918 /* Release */,
			);
			defaultConfigurationIsVisible = 0;
			defaultConfigurationName = Release;
		};
		C63CECFD243817960091B918 /* Build configuration list for PBXNativeTarget "a2" */ = {
			isa = XCConfigurationList;
			buildConfigurations = (
				C63CECFE243817960091B918 /* Debug */,
				C63CECFF243817960091B918 /* Release */,
			);
			defaultConfigurationIsVisible = 0;
			defaultConfigurationName = Release;
		};
		C63CED00243817960091B918 /* Build configuration list for PBXNativeTarget "a2Tests" */ = {
			isa = XCConfigurationList;
			buildConfigurations = (
				C63CED01243817960091B918 /* Debug */,
				C63CED02243817960091B918 /* Release */,
			);
			defaultConfigurationIsVisible = 0;
			defaultConfigurationName = Release;
		};
		C63CED03243817960091B918 /* Build configuration list for PBXNativeTarget "a2UITests" */ = {
			isa = XCConfigurationList;
			buildConfigurations = (
				C63CED04243817960091B918 /* Debug */,
				C63CED05243817960091B918 /* Release */,
			);
			defaultConfigurationIsVisible = 0;
			defaultConfigurationName = Release;
		};
/* End XCConfigurationList section */
	};
	rootObject = C63CECCD243817940091B918 /* Project object */;
}
